
Microsoft Visual Studio Solution File, Format Version 12.00
# Visual Studio Version 17
VisualStudioVersion = 17.4.33122.133
MinimumVisualStudioVersion = 10.0.40219.1
Project("{9A19103F-16F7-4668-BE54-9A1E7A4F7556}") = "PawsitivelyCare", "PawsitivelyCare.csproj", "{9BD81F36-41D5-45F6-AD83-D5B3E1FF8497}"
EndProject
Project("{9A19103F-16F7-4668-BE54-9A1E7A4F7556}") = "PawsitivelyCare.BLL", "..\..\Диплом\Backend\PawsitivelyCare.BLL\PawsitivelyCare.BLL.csproj", "{64DD096A-B5E9-4508-84B9-DA9CD640981C}"
EndProject
Project("{9A19103F-16F7-4668-BE54-9A1E7A4F7556}") = "PawsitivelyCare.DAL", "..\..\Диплом\Backend\PawsitivelyCare.DAL\PawsitivelyCare.DAL.csproj", "{DB461859-2C3C-4403-9DDA-9893864EAA31}"
EndProject
Global
	GlobalSection(SolutionConfigurationPlatforms) = preSolution
		Debug|Any CPU = Debug|Any CPU
		Release|Any CPU = Release|Any CPU
	EndGlobalSection
	GlobalSection(ProjectConfigurationPlatforms) = postSolution
		{9BD81F36-41D5-45F6-AD83-D5B3E1FF8497}.Debug|Any CPU.ActiveCfg = Debug|Any CPU
		{9BD81F36-41D5-45F6-AD83-D5B3E1FF8497}.Debug|Any CPU.Build.0 = Debug|Any CPU
		{9BD81F36-41D5-45F6-AD83-D5B3E1FF8497}.Release|Any CPU.ActiveCfg = Release|Any CPU
		{9BD81F36-41D5-45F6-AD83-D5B3E1FF8497}.Release|Any CPU.Build.0 = Release|Any CPU
		{64DD096A-B5E9-4508-84B9-DA9CD640981C}.Debug|Any CPU.ActiveCfg = Debug|Any CPU
		{64DD096A-B5E9-4508-84B9-DA9CD640981C}.Debug|Any CPU.Build.0 = Debug|Any CPU
		{64DD096A-B5E9-4508-84B9-DA9CD640981C}.Release|Any CPU.ActiveCfg = Release|Any CPU
		{64DD096A-B5E9-4508-84B9-DA9CD640981C}.Release|Any CPU.Build.0 = Release|Any CPU
		{DB461859-2C3C-4403-9DDA-9893864EAA31}.Debug|Any CPU.ActiveCfg = Debug|Any CPU
		{DB461859-2C3C-4403-9DDA-9893864EAA31}.Debug|Any CPU.Build.0 = Debug|Any CPU
		{DB461859-2C3C-4403-9DDA-9893864EAA31}.Release|Any CPU.ActiveCfg = Release|Any CPU
		{DB461859-2C3C-4403-9DDA-9893864EAA31}.Release|Any CPU.Build.0 = Release|Any CPU
	EndGlobalSection
	GlobalSection(SolutionProperties) = preSolution
		HideSolutionNode = FALSE
	EndGlobalSection
	GlobalSection(ExtensibilityGlobals) = postSolution
		SolutionGuid = {800EDEC5-0BE6-48C2-AA56-00E90EFC5C69}
	EndGlobalSection
EndGlobal
