
Microsoft Visual Studio Solution File, Format Version 12.00
# Visual Studio Version 17
VisualStudioVersion = 17.4.33122.133
MinimumVisualStudioVersion = 10.0.40219.1
Project("{9A19103F-16F7-4668-BE54-9A1E7A4F7556}") = "PawsitivelyCare", "PawsitivelyCare.csproj", "{9BD81F36-41D5-45F6-AD83-D5B3E1FF8497}"
EndProject
Project("{9A19103F-16F7-4668-BE54-9A1E7A4F7556}") = "PawsitivelyCare.BLL", "..\PawsitivelyCare.BLL\PawsitivelyCare.BLL.csproj", "{1BD10805-E648-47EC-B1B3-D9649DAABAA4}"
EndProject
Project("{9A19103F-16F7-4668-BE54-9A1E7A4F7556}") = "PawsitivelyCare.DAL", "..\PawsitivelyCare.DAL\PawsitivelyCare.DAL.csproj", "{42204F16-E771-4B1D-BDC6-4A37E988DBB8}"
EndProject
Global
	GlobalSection(SolutionConfigurationPlatforms) = preSolution
		Debug|Any CPU = Debug|Any CPU
		Release|Any CPU = Release|Any CPU
	EndGlobalSection
	GlobalSection(ProjectConfigurationPlatforms) = postSolution
		{9BD81F36-41D5-45F6-AD83-D5B3E1FF8497}.Debug|Any CPU.ActiveCfg = Debug|Any CPU
		{9BD81F36-41D5-45F6-AD83-D5B3E1FF8497}.Debug|Any CPU.Build.0 = Debug|Any CPU
		{9BD81F36-41D5-45F6-AD83-D5B3E1FF8497}.Release|Any CPU.ActiveCfg = Release|Any CPU
		{9BD81F36-41D5-45F6-AD83-D5B3E1FF8497}.Release|Any CPU.Build.0 = Release|Any CPU
		{1BD10805-E648-47EC-B1B3-D9649DAABAA4}.Debug|Any CPU.ActiveCfg = Debug|Any CPU
		{1BD10805-E648-47EC-B1B3-D9649DAABAA4}.Debug|Any CPU.Build.0 = Debug|Any CPU
		{1BD10805-E648-47EC-B1B3-D9649DAABAA4}.Release|Any CPU.ActiveCfg = Release|Any CPU
		{1BD10805-E648-47EC-B1B3-D9649DAABAA4}.Release|Any CPU.Build.0 = Release|Any CPU
		{42204F16-E771-4B1D-BDC6-4A37E988DBB8}.Debug|Any CPU.ActiveCfg = Debug|Any CPU
		{42204F16-E771-4B1D-BDC6-4A37E988DBB8}.Debug|Any CPU.Build.0 = Debug|Any CPU
		{42204F16-E771-4B1D-BDC6-4A37E988DBB8}.Release|Any CPU.ActiveCfg = Release|Any CPU
		{42204F16-E771-4B1D-BDC6-4A37E988DBB8}.Release|Any CPU.Build.0 = Release|Any CPU
	EndGlobalSection
	GlobalSection(SolutionProperties) = preSolution
		HideSolutionNode = FALSE
	EndGlobalSection
	GlobalSection(ExtensibilityGlobals) = postSolution
		SolutionGuid = {800EDEC5-0BE6-48C2-AA56-00E90EFC5C69}
	EndGlobalSection
EndGlobal
